
Microsoft Visual Studio Solution File, Format Version 12.00
# Visual Studio 15
VisualStudioVersion = 15.0.27004.2002
MinimumVisualStudioVersion = 10.0.40219.1
Project("{8BC9CEB8-8B4A-11D0-8D11-00A0C91BC942}") = "ClosestPair", "ClosestPair\ClosestPair.vcxproj", "{FF80861B-D6CD-4B90-9F96-09E67057C37B}"
EndProject
Global
	GlobalSection(SolutionConfigurationPlatforms) = preSolution
		Debug|x64 = Debug|x64
		Debug|x86 = Debug|x86
		Release|x64 = Release|x64
		Release|x86 = Release|x86
	EndGlobalSection
	GlobalSection(ProjectConfigurationPlatforms) = postSolution
		{FF80861B-D6CD-4B90-9F96-09E67057C37B}.Debug|x64.ActiveCfg = Debug|x64
		{FF80861B-D6CD-4B90-9F96-09E67057C37B}.Debug|x64.Build.0 = Debug|x64
		{FF80861B-D6CD-4B90-9F96-09E67057C37B}.Debug|x86.ActiveCfg = Debug|Win32
		{FF80861B-D6CD-4B90-9F96-09E67057C37B}.Debug|x86.Build.0 = Debug|Win32
		{FF80861B-D6CD-4B90-9F96-09E67057C37B}.Release|x64.ActiveCfg = Release|x64
		{FF80861B-D6CD-4B90-9F96-09E67057C37B}.Release|x64.Build.0 = Release|x64
		{FF80861B-D6CD-4B90-9F96-09E67057C37B}.Release|x86.ActiveCfg = Release|Win32
		{FF80861B-D6CD-4B90-9F96-09E67057C37B}.Release|x86.Build.0 = Release|Win32
	EndGlobalSection
	GlobalSection(SolutionProperties) = preSolution
		HideSolutionNode = FALSE
	EndGlobalSection
	GlobalSection(ExtensibilityGlobals) = postSolution
		SolutionGuid = {55CB8833-C608-4F7A-8948-01A0DFE59BE3}
	EndGlobalSection
EndGlobal
